
Microsoft Visual Studio Solution File, Format Version 12.00
# Visual Studio Version 17
VisualStudioVersion = 17.4.33403.182
MinimumVisualStudioVersion = 10.0.40219.1
Project("{FAE04EC0-301F-11D3-BF4B-00C04F79EFBC}") = "eTickets", "eTickets\eTickets.csproj", "{5787A397-4A57-4249-9C40-42737FBB0A94}"
EndProject
Global
	GlobalSection(SolutionConfigurationPlatforms) = preSolution
		Debug|Any CPU = Debug|Any CPU
		Release|Any CPU = Release|Any CPU
	EndGlobalSection
	GlobalSection(ProjectConfigurationPlatforms) = postSolution
		{5787A397-4A57-4249-9C40-42737FBB0A94}.Debug|Any CPU.ActiveCfg = Debug|Any CPU
		{5787A397-4A57-4249-9C40-42737FBB0A94}.Debug|Any CPU.Build.0 = Debug|Any CPU
		{5787A397-4A57-4249-9C40-42737FBB0A94}.Release|Any CPU.ActiveCfg = Release|Any CPU
		{5787A397-4A57-4249-9C40-42737FBB0A94}.Release|Any CPU.Build.0 = Release|Any CPU
	EndGlobalSection
	GlobalSection(SolutionProperties) = preSolution
		HideSolutionNode = FALSE
	EndGlobalSection
	GlobalSection(ExtensibilityGlobals) = postSolution
		SolutionGuid = {B7416F0D-E141-4E06-A880-D80BCE8EBE42}
	EndGlobalSection
EndGlobal
